
Microsoft Visual Studio Solution File, Format Version 12.00
# Visual Studio 15
VisualStudioVersion = 15.0.28307.757
MinimumVisualStudioVersion = 10.0.40219.1
Project("{8BC9CEB8-8B4A-11D0-8D11-00A0C91BC942}") = "execute-assembly", "execute-assembly\execute-assembly.vcxproj", "{95FD210F-FCF6-419B-A0D7-624B6E9D7699}"
EndProject
Project("{FAE04EC0-301F-11D3-BF4B-00C04F79EFBC}") = "TestAssembly", "TestAssembly\TestAssembly.csproj", "{6EE1E4C1-4FFC-4C3E-8B54-DBFEBC0F4DEC}"
EndProject
Project("{8BC9CEB8-8B4A-11D0-8D11-00A0C91BC942}") = "PatchEtw", "PatchEtw\PatchEtw.vcxproj", "{C7B359C3-AB2F-47DB-8843-A893F716F313}"
EndProject
Global
	GlobalSection(SolutionConfigurationPlatforms) = preSolution
		Debug|Any CPU = Debug|Any CPU
		Debug|x64 = Debug|x64
		Debug|x86 = Debug|x86
		Release|Any CPU = Release|Any CPU
		Release|x64 = Release|x64
		Release|x86 = Release|x86
	EndGlobalSection
	GlobalSection(ProjectConfigurationPlatforms) = postSolution
		{95FD210F-FCF6-419B-A0D7-624B6E9D7699}.Debug|Any CPU.ActiveCfg = Debug|Win32
		{95FD210F-FCF6-419B-A0D7-624B6E9D7699}.Debug|x64.ActiveCfg = Debug|x64
		{95FD210F-FCF6-419B-A0D7-624B6E9D7699}.Debug|x64.Build.0 = Debug|x64
		{95FD210F-FCF6-419B-A0D7-624B6E9D7699}.Debug|x86.ActiveCfg = Debug|Win32
		{95FD210F-FCF6-419B-A0D7-624B6E9D7699}.Debug|x86.Build.0 = Debug|Win32
		{95FD210F-FCF6-419B-A0D7-624B6E9D7699}.Release|Any CPU.ActiveCfg = Release|Win32
		{95FD210F-FCF6-419B-A0D7-624B6E9D7699}.Release|x64.ActiveCfg = Release|x64
		{95FD210F-FCF6-419B-A0D7-624B6E9D7699}.Release|x64.Build.0 = Release|x64
		{95FD210F-FCF6-419B-A0D7-624B6E9D7699}.Release|x86.ActiveCfg = Release|Win32
		{95FD210F-FCF6-419B-A0D7-624B6E9D7699}.Release|x86.Build.0 = Release|Win32
		{6EE1E4C1-4FFC-4C3E-8B54-DBFEBC0F4DEC}.Debug|Any CPU.ActiveCfg = Debug|Any CPU
		{6EE1E4C1-4FFC-4C3E-8B54-DBFEBC0F4DEC}.Debug|Any CPU.Build.0 = Debug|Any CPU
		{6EE1E4C1-4FFC-4C3E-8B54-DBFEBC0F4DEC}.Debug|x64.ActiveCfg = Debug|Any CPU
		{6EE1E4C1-4FFC-4C3E-8B54-DBFEBC0F4DEC}.Debug|x64.Build.0 = Debug|Any CPU
		{6EE1E4C1-4FFC-4C3E-8B54-DBFEBC0F4DEC}.Debug|x86.ActiveCfg = Debug|Any CPU
		{6EE1E4C1-4FFC-4C3E-8B54-DBFEBC0F4DEC}.Debug|x86.Build.0 = Debug|Any CPU
		{6EE1E4C1-4FFC-4C3E-8B54-DBFEBC0F4DEC}.Release|Any CPU.ActiveCfg = Release|Any CPU
		{6EE1E4C1-4FFC-4C3E-8B54-DBFEBC0F4DEC}.Release|Any CPU.Build.0 = Release|Any CPU
		{6EE1E4C1-4FFC-4C3E-8B54-DBFEBC0F4DEC}.Release|x64.ActiveCfg = Release|Any CPU
		{6EE1E4C1-4FFC-4C3E-8B54-DBFEBC0F4DEC}.Release|x64.Build.0 = Release|Any CPU
		{6EE1E4C1-4FFC-4C3E-8B54-DBFEBC0F4DEC}.Release|x86.ActiveCfg = Release|Any CPU
		{6EE1E4C1-4FFC-4C3E-8B54-DBFEBC0F4DEC}.Release|x86.Build.0 = Release|Any CPU
		{C7B359C3-AB2F-47DB-8843-A893F716F313}.Debug|Any CPU.ActiveCfg = Debug|Win32
		{C7B359C3-AB2F-47DB-8843-A893F716F313}.Debug|x64.ActiveCfg = Debug|x64
		{C7B359C3-AB2F-47DB-8843-A893F716F313}.Debug|x64.Build.0 = Debug|x64
		{C7B359C3-AB2F-47DB-8843-A893F716F313}.Debug|x86.ActiveCfg = Debug|Win32
		{C7B359C3-AB2F-47DB-8843-A893F716F313}.Debug|x86.Build.0 = Debug|Win32
		{C7B359C3-AB2F-47DB-8843-A893F716F313}.Release|Any CPU.ActiveCfg = Release|Win32
		{C7B359C3-AB2F-47DB-8843-A893F716F313}.Release|x64.ActiveCfg = Release|x64
		{C7B359C3-AB2F-47DB-8843-A893F716F313}.Release|x64.Build.0 = Release|x64
		{C7B359C3-AB2F-47DB-8843-A893F716F313}.Release|x86.ActiveCfg = Release|Win32
		{C7B359C3-AB2F-47DB-8843-A893F716F313}.Release|x86.Build.0 = Release|Win32
	EndGlobalSection
	GlobalSection(SolutionProperties) = preSolution
		HideSolutionNode = FALSE
	EndGlobalSection
	GlobalSection(ExtensibilityGlobals) = postSolution
		SolutionGuid = {77ADFD7E-E21D-4895-BBC3-612FF59186CE}
	EndGlobalSection
EndGlobal
